
Microsoft Visual Studio Solution File, Format Version 12.00
# Visual Studio 15
VisualStudioVersion = 15.0.28307.1267
MinimumVisualStudioVersion = 10.0.40219.1
Project("{FAE04EC0-301F-11D3-BF4B-00C04F79EFBC}") = "Task1_2", "Task1_2\Task1_2.csproj", "{782019F6-7DDA-4839-9759-104E3498C483}"
EndProject
Project("{9A19103F-16F7-4668-BE54-9A1E7A4F7556}") = "StringLibrary", "..\StringLibrary\StringLibrary\StringLibrary.csproj", "{E7BEE037-8862-4899-A82A-AA17F60330FB}"
EndProject
Global
	GlobalSection(SolutionConfigurationPlatforms) = preSolution
		Debug|Any CPU = Debug|Any CPU
		Release|Any CPU = Release|Any CPU
	EndGlobalSection
	GlobalSection(ProjectConfigurationPlatforms) = postSolution
		{782019F6-7DDA-4839-9759-104E3498C483}.Debug|Any CPU.ActiveCfg = Debug|Any CPU
		{782019F6-7DDA-4839-9759-104E3498C483}.Debug|Any CPU.Build.0 = Debug|Any CPU
		{782019F6-7DDA-4839-9759-104E3498C483}.Release|Any CPU.ActiveCfg = Release|Any CPU
		{782019F6-7DDA-4839-9759-104E3498C483}.Release|Any CPU.Build.0 = Release|Any CPU
		{E7BEE037-8862-4899-A82A-AA17F60330FB}.Debug|Any CPU.ActiveCfg = Debug|Any CPU
		{E7BEE037-8862-4899-A82A-AA17F60330FB}.Debug|Any CPU.Build.0 = Debug|Any CPU
		{E7BEE037-8862-4899-A82A-AA17F60330FB}.Release|Any CPU.ActiveCfg = Release|Any CPU
		{E7BEE037-8862-4899-A82A-AA17F60330FB}.Release|Any CPU.Build.0 = Release|Any CPU
	EndGlobalSection
	GlobalSection(SolutionProperties) = preSolution
		HideSolutionNode = FALSE
	EndGlobalSection
	GlobalSection(ExtensibilityGlobals) = postSolution
		SolutionGuid = {FB55DDA3-8623-4E1A-B58D-49DA9D37EDB8}
	EndGlobalSection
EndGlobal
